{
  "name": "nodejs",
  "version": "1.0.0",
  "lockfileVersion": 3,
  "requires": true,
  "packages": {
    "": {
      "name": "nodejs",
      "version": "1.0.0",
      "license": "ISC",
      "dependencies": {
        "@freelandos/ajs": "^1.0.0"
      }
    },
    "node_modules/@freelandos/ajs": {
      "version": "1.0.0",
      "resolved": "https://npm.pkg.github.com/download/@freelandos/ajs/1.0.0/0a11449214800d79d14f98b0fd35be361a22fde4",
      "integrity": "sha512-ATMMh63ofRrLbrjMY4m9+ncpDCcKxouNp4AzzeW2W+hXUCmijmIgNnOwJ4xJWrWOiADytZi4jp44zOQ0yzqC3w==",
      "license": "ISC"
    }
  }
}
